
Microsoft Visual Studio Solution File, Format Version 12.00
# Visual Studio Version 16
VisualStudioVersion = 16.0.29728.190
MinimumVisualStudioVersion = 10.0.40219.1
Project("{8BC9CEB8-8B4A-11D0-8D11-00A0C91BC942}") = "HashTables", "HashTables\HashTables.vcxproj", "{8EFBEA59-7782-4CA8-849D-947C17F82C0B}"
EndProject
Global
	GlobalSection(SolutionConfigurationPlatforms) = preSolution
		Debug|x64 = Debug|x64
		Debug|x86 = Debug|x86
		Release|x64 = Release|x64
		Release|x86 = Release|x86
	EndGlobalSection
	GlobalSection(ProjectConfigurationPlatforms) = postSolution
		{8EFBEA59-7782-4CA8-849D-947C17F82C0B}.Debug|x64.ActiveCfg = Debug|x64
		{8EFBEA59-7782-4CA8-849D-947C17F82C0B}.Debug|x64.Build.0 = Debug|x64
		{8EFBEA59-7782-4CA8-849D-947C17F82C0B}.Debug|x86.ActiveCfg = Debug|Win32
		{8EFBEA59-7782-4CA8-849D-947C17F82C0B}.Debug|x86.Build.0 = Debug|Win32
		{8EFBEA59-7782-4CA8-849D-947C17F82C0B}.Release|x64.ActiveCfg = Release|x64
		{8EFBEA59-7782-4CA8-849D-947C17F82C0B}.Release|x64.Build.0 = Release|x64
		{8EFBEA59-7782-4CA8-849D-947C17F82C0B}.Release|x86.ActiveCfg = Release|Win32
		{8EFBEA59-7782-4CA8-849D-947C17F82C0B}.Release|x86.Build.0 = Release|Win32
	EndGlobalSection
	GlobalSection(SolutionProperties) = preSolution
		HideSolutionNode = FALSE
	EndGlobalSection
	GlobalSection(ExtensibilityGlobals) = postSolution
		SolutionGuid = {7FE290D0-3FEA-4E01-89BA-A9E6D61F958A}
	EndGlobalSection
EndGlobal
