
Microsoft Visual Studio Solution File, Format Version 12.00
# Visual Studio Version 16
VisualStudioVersion = 16.0.29411.108
MinimumVisualStudioVersion = 10.0.40219.1
Project("{8BC9CEB8-8B4A-11D0-8D11-00A0C91BC942}") = "Project1", "Project1\Project1.vcxproj", "{088E74B2-7866-49C6-AB45-169E264A08F7}"
EndProject
Global
	GlobalSection(SolutionConfigurationPlatforms) = preSolution
		Debug|x64 = Debug|x64
		Debug|x86 = Debug|x86
		Release|x64 = Release|x64
		Release|x86 = Release|x86
	EndGlobalSection
	GlobalSection(ProjectConfigurationPlatforms) = postSolution
		{088E74B2-7866-49C6-AB45-169E264A08F7}.Debug|x64.ActiveCfg = Debug|x64
		{088E74B2-7866-49C6-AB45-169E264A08F7}.Debug|x64.Build.0 = Debug|x64
		{088E74B2-7866-49C6-AB45-169E264A08F7}.Debug|x86.ActiveCfg = Debug|Win32
		{088E74B2-7866-49C6-AB45-169E264A08F7}.Debug|x86.Build.0 = Debug|Win32
		{088E74B2-7866-49C6-AB45-169E264A08F7}.Release|x64.ActiveCfg = Release|x64
		{088E74B2-7866-49C6-AB45-169E264A08F7}.Release|x64.Build.0 = Release|x64
		{088E74B2-7866-49C6-AB45-169E264A08F7}.Release|x86.ActiveCfg = Release|Win32
		{088E74B2-7866-49C6-AB45-169E264A08F7}.Release|x86.Build.0 = Release|Win32
	EndGlobalSection
	GlobalSection(SolutionProperties) = preSolution
		HideSolutionNode = FALSE
	EndGlobalSection
	GlobalSection(ExtensibilityGlobals) = postSolution
		SolutionGuid = {50EEF73F-7EB9-46AF-9E6A-2CB4AF518405}
	EndGlobalSection
EndGlobal
