
Microsoft Visual Studio Solution File, Format Version 12.00
# Visual Studio Version 16
VisualStudioVersion = 16.0.29306.81
MinimumVisualStudioVersion = 10.0.40219.1
Project("{8BC9CEB8-8B4A-11D0-8D11-00A0C91BC942}") = "Project3", "Project3\Project3.vcxproj", "{5283D473-EF42-4E11-B044-4BACE424F69A}"
EndProject
Project("{8BC9CEB8-8B4A-11D0-8D11-00A0C91BC942}") = "Project1", "Project1\Project1.vcxproj", "{39AAD376-69BD-40BF-918C-6FE44E0A3B1E}"
EndProject
Project("{8BC9CEB8-8B4A-11D0-8D11-00A0C91BC942}") = "Project2", "Project2\Project2.vcxproj", "{083C1488-53FE-430D-BA95-7DD072944BD9}"
EndProject
Global
	GlobalSection(SolutionConfigurationPlatforms) = preSolution
		Debug|x64 = Debug|x64
		Debug|x86 = Debug|x86
		Release|x64 = Release|x64
		Release|x86 = Release|x86
	EndGlobalSection
	GlobalSection(ProjectConfigurationPlatforms) = postSolution
		{5283D473-EF42-4E11-B044-4BACE424F69A}.Debug|x64.ActiveCfg = Debug|x64
		{5283D473-EF42-4E11-B044-4BACE424F69A}.Debug|x64.Build.0 = Debug|x64
		{5283D473-EF42-4E11-B044-4BACE424F69A}.Debug|x86.ActiveCfg = Debug|Win32
		{5283D473-EF42-4E11-B044-4BACE424F69A}.Debug|x86.Build.0 = Debug|Win32
		{5283D473-EF42-4E11-B044-4BACE424F69A}.Release|x64.ActiveCfg = Release|x64
		{5283D473-EF42-4E11-B044-4BACE424F69A}.Release|x64.Build.0 = Release|x64
		{5283D473-EF42-4E11-B044-4BACE424F69A}.Release|x86.ActiveCfg = Release|Win32
		{5283D473-EF42-4E11-B044-4BACE424F69A}.Release|x86.Build.0 = Release|Win32
		{39AAD376-69BD-40BF-918C-6FE44E0A3B1E}.Debug|x64.ActiveCfg = Debug|x64
		{39AAD376-69BD-40BF-918C-6FE44E0A3B1E}.Debug|x64.Build.0 = Debug|x64
		{39AAD376-69BD-40BF-918C-6FE44E0A3B1E}.Debug|x86.ActiveCfg = Debug|Win32
		{39AAD376-69BD-40BF-918C-6FE44E0A3B1E}.Debug|x86.Build.0 = Debug|Win32
		{39AAD376-69BD-40BF-918C-6FE44E0A3B1E}.Release|x64.ActiveCfg = Release|x64
		{39AAD376-69BD-40BF-918C-6FE44E0A3B1E}.Release|x64.Build.0 = Release|x64
		{39AAD376-69BD-40BF-918C-6FE44E0A3B1E}.Release|x86.ActiveCfg = Release|Win32
		{39AAD376-69BD-40BF-918C-6FE44E0A3B1E}.Release|x86.Build.0 = Release|Win32
		{083C1488-53FE-430D-BA95-7DD072944BD9}.Debug|x64.ActiveCfg = Debug|x64
		{083C1488-53FE-430D-BA95-7DD072944BD9}.Debug|x64.Build.0 = Debug|x64
		{083C1488-53FE-430D-BA95-7DD072944BD9}.Debug|x86.ActiveCfg = Debug|Win32
		{083C1488-53FE-430D-BA95-7DD072944BD9}.Debug|x86.Build.0 = Debug|Win32
		{083C1488-53FE-430D-BA95-7DD072944BD9}.Release|x64.ActiveCfg = Release|x64
		{083C1488-53FE-430D-BA95-7DD072944BD9}.Release|x64.Build.0 = Release|x64
		{083C1488-53FE-430D-BA95-7DD072944BD9}.Release|x86.ActiveCfg = Release|Win32
		{083C1488-53FE-430D-BA95-7DD072944BD9}.Release|x86.Build.0 = Release|Win32
	EndGlobalSection
	GlobalSection(SolutionProperties) = preSolution
		HideSolutionNode = FALSE
	EndGlobalSection
	GlobalSection(ExtensibilityGlobals) = postSolution
		SolutionGuid = {3EB5CF57-02B5-4320-AE64-D9815FA06DFE}
	EndGlobalSection
EndGlobal
