
Microsoft Visual Studio Solution File, Format Version 12.00
# Visual Studio Version 16
VisualStudioVersion = 16.0.29306.81
MinimumVisualStudioVersion = 10.0.40219.1
Project("{8BC9CEB8-8B4A-11D0-8D11-00A0C91BC942}") = "Project1", "Project1\Project1.vcxproj", "{B693AB80-3383-4BAA-BD07-739145B47921}"
EndProject
Project("{8BC9CEB8-8B4A-11D0-8D11-00A0C91BC942}") = "Project2", "Project2\Project2.vcxproj", "{3972AE0F-C8C4-46A9-A222-E0D3D8F96CA0}"
EndProject
Project("{8BC9CEB8-8B4A-11D0-8D11-00A0C91BC942}") = "Project3", "Project3\Project3.vcxproj", "{1026D044-CE64-4E68-91D7-4AF1B204EF1A}"
EndProject
Global
	GlobalSection(SolutionConfigurationPlatforms) = preSolution
		Debug|x64 = Debug|x64
		Debug|x86 = Debug|x86
		Release|x64 = Release|x64
		Release|x86 = Release|x86
	EndGlobalSection
	GlobalSection(ProjectConfigurationPlatforms) = postSolution
		{B693AB80-3383-4BAA-BD07-739145B47921}.Debug|x64.ActiveCfg = Debug|x64
		{B693AB80-3383-4BAA-BD07-739145B47921}.Debug|x64.Build.0 = Debug|x64
		{B693AB80-3383-4BAA-BD07-739145B47921}.Debug|x86.ActiveCfg = Debug|Win32
		{B693AB80-3383-4BAA-BD07-739145B47921}.Debug|x86.Build.0 = Debug|Win32
		{B693AB80-3383-4BAA-BD07-739145B47921}.Release|x64.ActiveCfg = Release|x64
		{B693AB80-3383-4BAA-BD07-739145B47921}.Release|x64.Build.0 = Release|x64
		{B693AB80-3383-4BAA-BD07-739145B47921}.Release|x86.ActiveCfg = Release|Win32
		{B693AB80-3383-4BAA-BD07-739145B47921}.Release|x86.Build.0 = Release|Win32
		{3972AE0F-C8C4-46A9-A222-E0D3D8F96CA0}.Debug|x64.ActiveCfg = Debug|x64
		{3972AE0F-C8C4-46A9-A222-E0D3D8F96CA0}.Debug|x64.Build.0 = Debug|x64
		{3972AE0F-C8C4-46A9-A222-E0D3D8F96CA0}.Debug|x86.ActiveCfg = Debug|Win32
		{3972AE0F-C8C4-46A9-A222-E0D3D8F96CA0}.Debug|x86.Build.0 = Debug|Win32
		{3972AE0F-C8C4-46A9-A222-E0D3D8F96CA0}.Release|x64.ActiveCfg = Release|x64
		{3972AE0F-C8C4-46A9-A222-E0D3D8F96CA0}.Release|x64.Build.0 = Release|x64
		{3972AE0F-C8C4-46A9-A222-E0D3D8F96CA0}.Release|x86.ActiveCfg = Release|Win32
		{3972AE0F-C8C4-46A9-A222-E0D3D8F96CA0}.Release|x86.Build.0 = Release|Win32
		{1026D044-CE64-4E68-91D7-4AF1B204EF1A}.Debug|x64.ActiveCfg = Debug|x64
		{1026D044-CE64-4E68-91D7-4AF1B204EF1A}.Debug|x64.Build.0 = Debug|x64
		{1026D044-CE64-4E68-91D7-4AF1B204EF1A}.Debug|x86.ActiveCfg = Debug|Win32
		{1026D044-CE64-4E68-91D7-4AF1B204EF1A}.Debug|x86.Build.0 = Debug|Win32
		{1026D044-CE64-4E68-91D7-4AF1B204EF1A}.Release|x64.ActiveCfg = Release|x64
		{1026D044-CE64-4E68-91D7-4AF1B204EF1A}.Release|x64.Build.0 = Release|x64
		{1026D044-CE64-4E68-91D7-4AF1B204EF1A}.Release|x86.ActiveCfg = Release|Win32
		{1026D044-CE64-4E68-91D7-4AF1B204EF1A}.Release|x86.Build.0 = Release|Win32
	EndGlobalSection
	GlobalSection(SolutionProperties) = preSolution
		HideSolutionNode = FALSE
	EndGlobalSection
	GlobalSection(ExtensibilityGlobals) = postSolution
		SolutionGuid = {6A9E36B9-8BCC-46A1-AEBF-DD8E0C254235}
	EndGlobalSection
EndGlobal
