
Microsoft Visual Studio Solution File, Format Version 12.00
# Visual Studio Version 16
VisualStudioVersion = 16.0.29424.173
MinimumVisualStudioVersion = 10.0.40219.1
Project("{8BC9CEB8-8B4A-11D0-8D11-00A0C91BC942}") = "Assessment2_Practice", "Assessment2_Practice\Assessment2_Practice.vcxproj", "{C127320A-2A9C-45AD-9535-97F76BE5F45A}"
EndProject
Global
	GlobalSection(SolutionConfigurationPlatforms) = preSolution
		Debug|x64 = Debug|x64
		Debug|x86 = Debug|x86
		Release|x64 = Release|x64
		Release|x86 = Release|x86
	EndGlobalSection
	GlobalSection(ProjectConfigurationPlatforms) = postSolution
		{C127320A-2A9C-45AD-9535-97F76BE5F45A}.Debug|x64.ActiveCfg = Debug|x64
		{C127320A-2A9C-45AD-9535-97F76BE5F45A}.Debug|x64.Build.0 = Debug|x64
		{C127320A-2A9C-45AD-9535-97F76BE5F45A}.Debug|x86.ActiveCfg = Debug|Win32
		{C127320A-2A9C-45AD-9535-97F76BE5F45A}.Debug|x86.Build.0 = Debug|Win32
		{C127320A-2A9C-45AD-9535-97F76BE5F45A}.Release|x64.ActiveCfg = Release|x64
		{C127320A-2A9C-45AD-9535-97F76BE5F45A}.Release|x64.Build.0 = Release|x64
		{C127320A-2A9C-45AD-9535-97F76BE5F45A}.Release|x86.ActiveCfg = Release|Win32
		{C127320A-2A9C-45AD-9535-97F76BE5F45A}.Release|x86.Build.0 = Release|Win32
	EndGlobalSection
	GlobalSection(SolutionProperties) = preSolution
		HideSolutionNode = FALSE
	EndGlobalSection
	GlobalSection(ExtensibilityGlobals) = postSolution
		SolutionGuid = {8769949D-412C-4514-AA0D-4938AE59F090}
	EndGlobalSection
EndGlobal
